
Microsoft Visual Studio Solution File, Format Version 12.00
# Visual Studio Version 16
VisualStudioVersion = 16.0.31019.35
MinimumVisualStudioVersion = 10.0.40219.1
Project("{FAE04EC0-301F-11D3-BF4B-00C04F79EFBC}") = "AppMvc", "src\AppMvc\AppMvc.csproj", "{41CC567C-7EDB-4A28-9182-C8171C3D8218}"
EndProject
Project("{FAE04EC0-301F-11D3-BF4B-00C04F79EFBC}") = "Business", "src\Business\Business.csproj", "{E4E635DD-EF8F-4EFA-8E6A-E41E5D565417}"
EndProject
Project("{FAE04EC0-301F-11D3-BF4B-00C04F79EFBC}") = "Infra", "src\Infra\Infra.csproj", "{56D69232-78BB-464A-A12E-249B30AFC193}"
EndProject
Global
	GlobalSection(SolutionConfigurationPlatforms) = preSolution
		Debug|Any CPU = Debug|Any CPU
		Release|Any CPU = Release|Any CPU
	EndGlobalSection
	GlobalSection(ProjectConfigurationPlatforms) = postSolution
		{41CC567C-7EDB-4A28-9182-C8171C3D8218}.Debug|Any CPU.ActiveCfg = Debug|Any CPU
		{41CC567C-7EDB-4A28-9182-C8171C3D8218}.Debug|Any CPU.Build.0 = Debug|Any CPU
		{41CC567C-7EDB-4A28-9182-C8171C3D8218}.Release|Any CPU.ActiveCfg = Release|Any CPU
		{41CC567C-7EDB-4A28-9182-C8171C3D8218}.Release|Any CPU.Build.0 = Release|Any CPU
		{E4E635DD-EF8F-4EFA-8E6A-E41E5D565417}.Debug|Any CPU.ActiveCfg = Debug|Any CPU
		{E4E635DD-EF8F-4EFA-8E6A-E41E5D565417}.Debug|Any CPU.Build.0 = Debug|Any CPU
		{E4E635DD-EF8F-4EFA-8E6A-E41E5D565417}.Release|Any CPU.ActiveCfg = Release|Any CPU
		{E4E635DD-EF8F-4EFA-8E6A-E41E5D565417}.Release|Any CPU.Build.0 = Release|Any CPU
		{56D69232-78BB-464A-A12E-249B30AFC193}.Debug|Any CPU.ActiveCfg = Debug|Any CPU
		{56D69232-78BB-464A-A12E-249B30AFC193}.Debug|Any CPU.Build.0 = Debug|Any CPU
		{56D69232-78BB-464A-A12E-249B30AFC193}.Release|Any CPU.ActiveCfg = Release|Any CPU
		{56D69232-78BB-464A-A12E-249B30AFC193}.Release|Any CPU.Build.0 = Release|Any CPU
	EndGlobalSection
	GlobalSection(SolutionProperties) = preSolution
		HideSolutionNode = FALSE
	EndGlobalSection
	GlobalSection(ExtensibilityGlobals) = postSolution
		SolutionGuid = {6CA8FB09-A9CA-4FAC-8354-5149887DAFD5}
	EndGlobalSection
EndGlobal
